
Microsoft Visual Studio Solution File, Format Version 12.00
# Visual Studio Version 17
VisualStudioVersion = 17.3.32901.215
MinimumVisualStudioVersion = 10.0.40219.1
Project("{FAE04EC0-301F-11D3-BF4B-00C04F79EFBC}") = "L9_PAMG_1084122", "L9_PAMG_1084122.csproj", "{AE5F844E-A748-4D75-9B57-E5227BC427AA}"
EndProject
Global
	GlobalSection(SolutionConfigurationPlatforms) = preSolution
		Debug|Any CPU = Debug|Any CPU
		Release|Any CPU = Release|Any CPU
	EndGlobalSection
	GlobalSection(ProjectConfigurationPlatforms) = postSolution
		{AE5F844E-A748-4D75-9B57-E5227BC427AA}.Debug|Any CPU.ActiveCfg = Debug|Any CPU
		{AE5F844E-A748-4D75-9B57-E5227BC427AA}.Debug|Any CPU.Build.0 = Debug|Any CPU
		{AE5F844E-A748-4D75-9B57-E5227BC427AA}.Release|Any CPU.ActiveCfg = Release|Any CPU
		{AE5F844E-A748-4D75-9B57-E5227BC427AA}.Release|Any CPU.Build.0 = Release|Any CPU
	EndGlobalSection
	GlobalSection(SolutionProperties) = preSolution
		HideSolutionNode = FALSE
	EndGlobalSection
	GlobalSection(ExtensibilityGlobals) = postSolution
		SolutionGuid = {4158FA0D-8735-4F6E-BE18-5A30ADED92B6}
	EndGlobalSection
EndGlobal
