
Microsoft Visual Studio Solution File, Format Version 12.00
# Visual Studio Version 17
VisualStudioVersion = 17.3.32901.215
MinimumVisualStudioVersion = 10.0.40219.1
Project("{FAE04EC0-301F-11D3-BF4B-00C04F79EFBC}") = "LB2_PM_1084122", "LB2_PM_1084122.csproj", "{C290AB45-3771-487F-95E4-EE0A31A9A0A1}"
EndProject
Global
	GlobalSection(SolutionConfigurationPlatforms) = preSolution
		Debug|Any CPU = Debug|Any CPU
		Release|Any CPU = Release|Any CPU
	EndGlobalSection
	GlobalSection(ProjectConfigurationPlatforms) = postSolution
		{C290AB45-3771-487F-95E4-EE0A31A9A0A1}.Debug|Any CPU.ActiveCfg = Debug|Any CPU
		{C290AB45-3771-487F-95E4-EE0A31A9A0A1}.Debug|Any CPU.Build.0 = Debug|Any CPU
		{C290AB45-3771-487F-95E4-EE0A31A9A0A1}.Release|Any CPU.ActiveCfg = Release|Any CPU
		{C290AB45-3771-487F-95E4-EE0A31A9A0A1}.Release|Any CPU.Build.0 = Release|Any CPU
	EndGlobalSection
	GlobalSection(SolutionProperties) = preSolution
		HideSolutionNode = FALSE
	EndGlobalSection
	GlobalSection(ExtensibilityGlobals) = postSolution
		SolutionGuid = {0B94091D-9BA8-45B4-B23E-651F83E305C2}
	EndGlobalSection
EndGlobal
